
Microsoft Visual Studio Solution File, Format Version 12.00
# Visual Studio Version 17
VisualStudioVersion = 17.9.34622.214
MinimumVisualStudioVersion = 10.0.40219.1
Project("{FAE04EC0-301F-11D3-BF4B-00C04F79EFBC}") = "MSaC-IT-Lab2", "MSaC-IT-Lab2.csproj", "{935E332E-2979-423F-AC3C-B5CB40B72A01}"
EndProject
Global
	GlobalSection(SolutionConfigurationPlatforms) = preSolution
		Debug|Any CPU = Debug|Any CPU
		Release|Any CPU = Release|Any CPU
	EndGlobalSection
	GlobalSection(ProjectConfigurationPlatforms) = postSolution
		{935E332E-2979-423F-AC3C-B5CB40B72A01}.Debug|Any CPU.ActiveCfg = Debug|Any CPU
		{935E332E-2979-423F-AC3C-B5CB40B72A01}.Debug|Any CPU.Build.0 = Debug|Any CPU
		{935E332E-2979-423F-AC3C-B5CB40B72A01}.Release|Any CPU.ActiveCfg = Release|Any CPU
		{935E332E-2979-423F-AC3C-B5CB40B72A01}.Release|Any CPU.Build.0 = Release|Any CPU
	EndGlobalSection
	GlobalSection(SolutionProperties) = preSolution
		HideSolutionNode = FALSE
	EndGlobalSection
	GlobalSection(ExtensibilityGlobals) = postSolution
		SolutionGuid = {EDDDEA11-C52E-4493-8FB7-619E3CD44415}
	EndGlobalSection
EndGlobal
